
Microsoft Visual Studio Solution File, Format Version 12.00
# Visual Studio Version 17
VisualStudioVersion = 17.0.31903.59
MinimumVisualStudioVersion = 10.0.40219.1
Project("{FAE04EC0-301F-11D3-BF4B-00C04F79EFBC}") = "Problem.0008", "Problem.0008\Problem.0008.csproj", "{EAE4CA91-66F7-432E-80A1-9CBF672444E5}"
EndProject
Project("{FAE04EC0-301F-11D3-BF4B-00C04F79EFBC}") = "Problem.0009", "Problem.0009\Problem.0009.csproj", "{7A34CC41-3877-4864-829D-F508FB2111FD}"
EndProject
Project("{FAE04EC0-301F-11D3-BF4B-00C04F79EFBC}") = "Problem.0002", "Problem.0002\Problem.0002.csproj", "{9CD05416-DBF9-4171-A01E-D8A51DDA1C5C}"
EndProject
Project("{FAE04EC0-301F-11D3-BF4B-00C04F79EFBC}") = "Problem.0001", "Problem.0001\Problem.0001.csproj", "{44D57F63-6228-4B22-9B7B-70CD963C6271}"
EndProject
Project("{FAE04EC0-301F-11D3-BF4B-00C04F79EFBC}") = "Problem.0003", "Problem.0003\Problem.0003.csproj", "{AC83ED0A-633F-47B9-B4C7-AD737440E9B6}"
EndProject
Project("{FAE04EC0-301F-11D3-BF4B-00C04F79EFBC}") = "Problem.0004", "Problem.0004\Problem.0004.csproj", "{AD05BC6B-44CF-4AFC-B113-E62496C0C3B4}"
EndProject
Project("{FAE04EC0-301F-11D3-BF4B-00C04F79EFBC}") = "Problem.0005", "Problem.0005\Problem.0005.csproj", "{54E31220-B0AC-4CED-A2BD-E7DECCCD15A2}"
EndProject
Project("{FAE04EC0-301F-11D3-BF4B-00C04F79EFBC}") = "Problem.0006", "Problem.0006\Problem.0006.csproj", "{C3BC2C7E-BFA6-4F31-92A3-D123042B42E1}"
EndProject
Project("{FAE04EC0-301F-11D3-BF4B-00C04F79EFBC}") = "Problem.0007", "Problem.0007\Problem.0007.csproj", "{C359D7B0-AD03-4B1D-870A-D9512C96C8CF}"
EndProject
Project("{FAE04EC0-301F-11D3-BF4B-00C04F79EFBC}") = "Problem.0062", "Problem.0062\Problem.0062.csproj", "{962DF6D2-1D34-413D-B6BD-35278A79B0C6}"
EndProject
Project("{FAE04EC0-301F-11D3-BF4B-00C04F79EFBC}") = "Problem.0010", "Problem.0010\Problem.0010.csproj", "{DDEBD6A9-42F9-45F2-ABFD-91CB5716FB9A}"
EndProject
Project("{FAE04EC0-301F-11D3-BF4B-00C04F79EFBC}") = "Problem.0011", "Problem.0011\Problem.0011.csproj", "{F67BB999-3D06-412B-B105-E4B8AD39E397}"
EndProject
Project("{FAE04EC0-301F-11D3-BF4B-00C04F79EFBC}") = "Problem.0012", "Problem.0012\Problem.0012.csproj", "{F0A10C40-7475-4477-8745-B9972A597D6F}"
EndProject
Project("{FAE04EC0-301F-11D3-BF4B-00C04F79EFBC}") = "Problem.0013", "Problem.0013\Problem.0013.csproj", "{CCFE1718-B27E-49CA-9774-26CD2E6DE21D}"
EndProject
Project("{FAE04EC0-301F-11D3-BF4B-00C04F79EFBC}") = "Problem.0014", "Problem.0014\Problem.0014.csproj", "{53BB9637-F12B-4812-B0E9-DC3116782A0A}"
EndProject
Project("{FAE04EC0-301F-11D3-BF4B-00C04F79EFBC}") = "Problem.0015", "Problem.0015\Problem.0015.csproj", "{B7DC3F35-DF86-49CA-935E-9B0B74BB5681}"
EndProject
Project("{FAE04EC0-301F-11D3-BF4B-00C04F79EFBC}") = "Problem.0016", "Problem.0016\Problem.0016.csproj", "{3B1A8E68-6953-40E9-BB94-8FAD4F6AE3D1}"
EndProject
Project("{FAE04EC0-301F-11D3-BF4B-00C04F79EFBC}") = "Problem.0017", "Problem.0017\Problem.0017.csproj", "{2DB7D627-7154-45EB-BA35-84588F179853}"
EndProject
Project("{FAE04EC0-301F-11D3-BF4B-00C04F79EFBC}") = "Problem.0037", "Problem.0037\Problem.0037.csproj", "{B981938C-4C33-43FE-B7B0-2E795A1C9975}"
EndProject
Project("{FAE04EC0-301F-11D3-BF4B-00C04F79EFBC}") = "Problem.0023", "Problem.0023\Problem.0023.csproj", "{CA01DA94-2092-44D9-86CA-CE1D4D50D491}"
EndProject
Project("{FAE04EC0-301F-11D3-BF4B-00C04F79EFBC}") = "Problem.0025", "Problem.0025\Problem.0025.csproj", "{9EEAE96D-98C9-4B11-A01F-28A99E5FAEA0}"
EndProject
Global
	GlobalSection(SolutionConfigurationPlatforms) = preSolution
		Debug|Any CPU = Debug|Any CPU
		Release|Any CPU = Release|Any CPU
	EndGlobalSection
	GlobalSection(SolutionProperties) = preSolution
		HideSolutionNode = FALSE
	EndGlobalSection
	GlobalSection(ProjectConfigurationPlatforms) = postSolution
		{EAE4CA91-66F7-432E-80A1-9CBF672444E5}.Debug|Any CPU.ActiveCfg = Debug|Any CPU
		{EAE4CA91-66F7-432E-80A1-9CBF672444E5}.Debug|Any CPU.Build.0 = Debug|Any CPU
		{EAE4CA91-66F7-432E-80A1-9CBF672444E5}.Release|Any CPU.ActiveCfg = Release|Any CPU
		{EAE4CA91-66F7-432E-80A1-9CBF672444E5}.Release|Any CPU.Build.0 = Release|Any CPU
		{7A34CC41-3877-4864-829D-F508FB2111FD}.Debug|Any CPU.ActiveCfg = Debug|Any CPU
		{7A34CC41-3877-4864-829D-F508FB2111FD}.Debug|Any CPU.Build.0 = Debug|Any CPU
		{7A34CC41-3877-4864-829D-F508FB2111FD}.Release|Any CPU.ActiveCfg = Release|Any CPU
		{7A34CC41-3877-4864-829D-F508FB2111FD}.Release|Any CPU.Build.0 = Release|Any CPU
		{9CD05416-DBF9-4171-A01E-D8A51DDA1C5C}.Debug|Any CPU.ActiveCfg = Debug|Any CPU
		{9CD05416-DBF9-4171-A01E-D8A51DDA1C5C}.Debug|Any CPU.Build.0 = Debug|Any CPU
		{9CD05416-DBF9-4171-A01E-D8A51DDA1C5C}.Release|Any CPU.ActiveCfg = Release|Any CPU
		{9CD05416-DBF9-4171-A01E-D8A51DDA1C5C}.Release|Any CPU.Build.0 = Release|Any CPU
		{44D57F63-6228-4B22-9B7B-70CD963C6271}.Debug|Any CPU.ActiveCfg = Debug|Any CPU
		{44D57F63-6228-4B22-9B7B-70CD963C6271}.Debug|Any CPU.Build.0 = Debug|Any CPU
		{44D57F63-6228-4B22-9B7B-70CD963C6271}.Release|Any CPU.ActiveCfg = Release|Any CPU
		{44D57F63-6228-4B22-9B7B-70CD963C6271}.Release|Any CPU.Build.0 = Release|Any CPU
		{AC83ED0A-633F-47B9-B4C7-AD737440E9B6}.Debug|Any CPU.ActiveCfg = Debug|Any CPU
		{AC83ED0A-633F-47B9-B4C7-AD737440E9B6}.Debug|Any CPU.Build.0 = Debug|Any CPU
		{AC83ED0A-633F-47B9-B4C7-AD737440E9B6}.Release|Any CPU.ActiveCfg = Release|Any CPU
		{AC83ED0A-633F-47B9-B4C7-AD737440E9B6}.Release|Any CPU.Build.0 = Release|Any CPU
		{AD05BC6B-44CF-4AFC-B113-E62496C0C3B4}.Debug|Any CPU.ActiveCfg = Debug|Any CPU
		{AD05BC6B-44CF-4AFC-B113-E62496C0C3B4}.Debug|Any CPU.Build.0 = Debug|Any CPU
		{AD05BC6B-44CF-4AFC-B113-E62496C0C3B4}.Release|Any CPU.ActiveCfg = Release|Any CPU
		{AD05BC6B-44CF-4AFC-B113-E62496C0C3B4}.Release|Any CPU.Build.0 = Release|Any CPU
		{54E31220-B0AC-4CED-A2BD-E7DECCCD15A2}.Debug|Any CPU.ActiveCfg = Debug|Any CPU
		{54E31220-B0AC-4CED-A2BD-E7DECCCD15A2}.Debug|Any CPU.Build.0 = Debug|Any CPU
		{54E31220-B0AC-4CED-A2BD-E7DECCCD15A2}.Release|Any CPU.ActiveCfg = Release|Any CPU
		{54E31220-B0AC-4CED-A2BD-E7DECCCD15A2}.Release|Any CPU.Build.0 = Release|Any CPU
		{C3BC2C7E-BFA6-4F31-92A3-D123042B42E1}.Debug|Any CPU.ActiveCfg = Debug|Any CPU
		{C3BC2C7E-BFA6-4F31-92A3-D123042B42E1}.Debug|Any CPU.Build.0 = Debug|Any CPU
		{C3BC2C7E-BFA6-4F31-92A3-D123042B42E1}.Release|Any CPU.ActiveCfg = Release|Any CPU
		{C3BC2C7E-BFA6-4F31-92A3-D123042B42E1}.Release|Any CPU.Build.0 = Release|Any CPU
		{C359D7B0-AD03-4B1D-870A-D9512C96C8CF}.Debug|Any CPU.ActiveCfg = Debug|Any CPU
		{C359D7B0-AD03-4B1D-870A-D9512C96C8CF}.Debug|Any CPU.Build.0 = Debug|Any CPU
		{C359D7B0-AD03-4B1D-870A-D9512C96C8CF}.Release|Any CPU.ActiveCfg = Release|Any CPU
		{C359D7B0-AD03-4B1D-870A-D9512C96C8CF}.Release|Any CPU.Build.0 = Release|Any CPU
		{962DF6D2-1D34-413D-B6BD-35278A79B0C6}.Debug|Any CPU.ActiveCfg = Debug|Any CPU
		{962DF6D2-1D34-413D-B6BD-35278A79B0C6}.Debug|Any CPU.Build.0 = Debug|Any CPU
		{962DF6D2-1D34-413D-B6BD-35278A79B0C6}.Release|Any CPU.ActiveCfg = Release|Any CPU
		{962DF6D2-1D34-413D-B6BD-35278A79B0C6}.Release|Any CPU.Build.0 = Release|Any CPU
		{DDEBD6A9-42F9-45F2-ABFD-91CB5716FB9A}.Debug|Any CPU.ActiveCfg = Debug|Any CPU
		{DDEBD6A9-42F9-45F2-ABFD-91CB5716FB9A}.Debug|Any CPU.Build.0 = Debug|Any CPU
		{DDEBD6A9-42F9-45F2-ABFD-91CB5716FB9A}.Release|Any CPU.ActiveCfg = Release|Any CPU
		{DDEBD6A9-42F9-45F2-ABFD-91CB5716FB9A}.Release|Any CPU.Build.0 = Release|Any CPU
		{F67BB999-3D06-412B-B105-E4B8AD39E397}.Debug|Any CPU.ActiveCfg = Debug|Any CPU
		{F67BB999-3D06-412B-B105-E4B8AD39E397}.Debug|Any CPU.Build.0 = Debug|Any CPU
		{F67BB999-3D06-412B-B105-E4B8AD39E397}.Release|Any CPU.ActiveCfg = Release|Any CPU
		{F67BB999-3D06-412B-B105-E4B8AD39E397}.Release|Any CPU.Build.0 = Release|Any CPU
		{F0A10C40-7475-4477-8745-B9972A597D6F}.Debug|Any CPU.ActiveCfg = Debug|Any CPU
		{F0A10C40-7475-4477-8745-B9972A597D6F}.Debug|Any CPU.Build.0 = Debug|Any CPU
		{F0A10C40-7475-4477-8745-B9972A597D6F}.Release|Any CPU.ActiveCfg = Release|Any CPU
		{F0A10C40-7475-4477-8745-B9972A597D6F}.Release|Any CPU.Build.0 = Release|Any CPU
		{CCFE1718-B27E-49CA-9774-26CD2E6DE21D}.Debug|Any CPU.ActiveCfg = Debug|Any CPU
		{CCFE1718-B27E-49CA-9774-26CD2E6DE21D}.Debug|Any CPU.Build.0 = Debug|Any CPU
		{CCFE1718-B27E-49CA-9774-26CD2E6DE21D}.Release|Any CPU.ActiveCfg = Release|Any CPU
		{CCFE1718-B27E-49CA-9774-26CD2E6DE21D}.Release|Any CPU.Build.0 = Release|Any CPU
		{53BB9637-F12B-4812-B0E9-DC3116782A0A}.Debug|Any CPU.ActiveCfg = Debug|Any CPU
		{53BB9637-F12B-4812-B0E9-DC3116782A0A}.Debug|Any CPU.Build.0 = Debug|Any CPU
		{53BB9637-F12B-4812-B0E9-DC3116782A0A}.Release|Any CPU.ActiveCfg = Release|Any CPU
		{53BB9637-F12B-4812-B0E9-DC3116782A0A}.Release|Any CPU.Build.0 = Release|Any CPU
		{B7DC3F35-DF86-49CA-935E-9B0B74BB5681}.Debug|Any CPU.ActiveCfg = Debug|Any CPU
		{B7DC3F35-DF86-49CA-935E-9B0B74BB5681}.Debug|Any CPU.Build.0 = Debug|Any CPU
		{B7DC3F35-DF86-49CA-935E-9B0B74BB5681}.Release|Any CPU.ActiveCfg = Release|Any CPU
		{B7DC3F35-DF86-49CA-935E-9B0B74BB5681}.Release|Any CPU.Build.0 = Release|Any CPU
		{3B1A8E68-6953-40E9-BB94-8FAD4F6AE3D1}.Debug|Any CPU.ActiveCfg = Debug|Any CPU
		{3B1A8E68-6953-40E9-BB94-8FAD4F6AE3D1}.Debug|Any CPU.Build.0 = Debug|Any CPU
		{3B1A8E68-6953-40E9-BB94-8FAD4F6AE3D1}.Release|Any CPU.ActiveCfg = Release|Any CPU
		{3B1A8E68-6953-40E9-BB94-8FAD4F6AE3D1}.Release|Any CPU.Build.0 = Release|Any CPU
		{2DB7D627-7154-45EB-BA35-84588F179853}.Debug|Any CPU.ActiveCfg = Debug|Any CPU
		{2DB7D627-7154-45EB-BA35-84588F179853}.Debug|Any CPU.Build.0 = Debug|Any CPU
		{2DB7D627-7154-45EB-BA35-84588F179853}.Release|Any CPU.ActiveCfg = Release|Any CPU
		{2DB7D627-7154-45EB-BA35-84588F179853}.Release|Any CPU.Build.0 = Release|Any CPU
		{B981938C-4C33-43FE-B7B0-2E795A1C9975}.Debug|Any CPU.ActiveCfg = Debug|Any CPU
		{B981938C-4C33-43FE-B7B0-2E795A1C9975}.Debug|Any CPU.Build.0 = Debug|Any CPU
		{B981938C-4C33-43FE-B7B0-2E795A1C9975}.Release|Any CPU.ActiveCfg = Release|Any CPU
		{B981938C-4C33-43FE-B7B0-2E795A1C9975}.Release|Any CPU.Build.0 = Release|Any CPU
		{CA01DA94-2092-44D9-86CA-CE1D4D50D491}.Debug|Any CPU.ActiveCfg = Debug|Any CPU
		{CA01DA94-2092-44D9-86CA-CE1D4D50D491}.Debug|Any CPU.Build.0 = Debug|Any CPU
		{CA01DA94-2092-44D9-86CA-CE1D4D50D491}.Release|Any CPU.ActiveCfg = Release|Any CPU
		{CA01DA94-2092-44D9-86CA-CE1D4D50D491}.Release|Any CPU.Build.0 = Release|Any CPU
		{9EEAE96D-98C9-4B11-A01F-28A99E5FAEA0}.Debug|Any CPU.ActiveCfg = Debug|Any CPU
		{9EEAE96D-98C9-4B11-A01F-28A99E5FAEA0}.Debug|Any CPU.Build.0 = Debug|Any CPU
		{9EEAE96D-98C9-4B11-A01F-28A99E5FAEA0}.Release|Any CPU.ActiveCfg = Release|Any CPU
		{9EEAE96D-98C9-4B11-A01F-28A99E5FAEA0}.Release|Any CPU.Build.0 = Release|Any CPU
	EndGlobalSection
EndGlobal
